
Microsoft Visual Studio Solution File, Format Version 12.00
# Visual Studio Version 17
VisualStudioVersion = 17.0.32014.148
MinimumVisualStudioVersion = 10.0.40219.1
Project("{9A19103F-16F7-4668-BE54-9A1E7A4F7556}") = "eShop.Web", "eShop.Web\eShop.Web.csproj", "{C68CA023-1FB7-480A-85BC-8CD738A96613}"
EndProject
Project("{9A19103F-16F7-4668-BE54-9A1E7A4F7556}") = "eShop.CoreBusiness", "eShop.CoreBusiness\eShop.CoreBusiness.csproj", "{1FB11452-F142-4AA2-A3CC-E0DDEDFE857F}"
EndProject
Project("{9A19103F-16F7-4668-BE54-9A1E7A4F7556}") = "eShop.UseCases", "eShop.UseCases\eShop.UseCases.csproj", "{705B25F2-C8FE-4199-88E7-CDD41787EE20}"
EndProject
Project("{9A19103F-16F7-4668-BE54-9A1E7A4F7556}") = "eShop.DataStore.HardCoded", "eShop.DataStore.HardCoded\eShop.DataStore.HardCoded.csproj", "{DCC1E65D-A313-445F-BBCF-124A08F40F6E}"
EndProject
Project("{2150E333-8FDC-42A3-9474-1A3956D46DE8}") = "eShop.Web.Modules", "eShop.Web.Modules", "{91D2DE73-0BAF-4FDA-95A9-E44FCB6C7B1E}"
EndProject
Project("{FAE04EC0-301F-11D3-BF4B-00C04F79EFBC}") = "eShop.Web.Common", "eShop.Web.Common\eShop.Web.Common.csproj", "{3D330159-E45A-47D1-94E4-9CAFE2EF2FE3}"
EndProject
Project("{FAE04EC0-301F-11D3-BF4B-00C04F79EFBC}") = "eShop.Web.CustomerPortal", "eShop.Web.CustomerPortal\eShop.Web.CustomerPortal.csproj", "{2C029CD5-7494-4FB8-A7D4-D37847E0CB7E}"
EndProject
Project("{FAE04EC0-301F-11D3-BF4B-00C04F79EFBC}") = "eShop.Web.AdminPortal", "eShop.Web.AdminPortal\eShop.Web.AdminPortal.csproj", "{98AE3C51-D165-49D7-BE77-99050A182796}"
EndProject
Project("{2150E333-8FDC-42A3-9474-1A3956D46DE8}") = "Plugins", "Plugins", "{68633BFA-EA88-4DF7-88E4-0C4E9F4872FF}"
EndProject
Global
	GlobalSection(SolutionConfigurationPlatforms) = preSolution
		Debug|Any CPU = Debug|Any CPU
		Release|Any CPU = Release|Any CPU
	EndGlobalSection
	GlobalSection(ProjectConfigurationPlatforms) = postSolution
		{C68CA023-1FB7-480A-85BC-8CD738A96613}.Debug|Any CPU.ActiveCfg = Debug|Any CPU
		{C68CA023-1FB7-480A-85BC-8CD738A96613}.Debug|Any CPU.Build.0 = Debug|Any CPU
		{C68CA023-1FB7-480A-85BC-8CD738A96613}.Release|Any CPU.ActiveCfg = Release|Any CPU
		{C68CA023-1FB7-480A-85BC-8CD738A96613}.Release|Any CPU.Build.0 = Release|Any CPU
		{1FB11452-F142-4AA2-A3CC-E0DDEDFE857F}.Debug|Any CPU.ActiveCfg = Debug|Any CPU
		{1FB11452-F142-4AA2-A3CC-E0DDEDFE857F}.Debug|Any CPU.Build.0 = Debug|Any CPU
		{1FB11452-F142-4AA2-A3CC-E0DDEDFE857F}.Release|Any CPU.ActiveCfg = Release|Any CPU
		{1FB11452-F142-4AA2-A3CC-E0DDEDFE857F}.Release|Any CPU.Build.0 = Release|Any CPU
		{705B25F2-C8FE-4199-88E7-CDD41787EE20}.Debug|Any CPU.ActiveCfg = Debug|Any CPU
		{705B25F2-C8FE-4199-88E7-CDD41787EE20}.Debug|Any CPU.Build.0 = Debug|Any CPU
		{705B25F2-C8FE-4199-88E7-CDD41787EE20}.Release|Any CPU.ActiveCfg = Release|Any CPU
		{705B25F2-C8FE-4199-88E7-CDD41787EE20}.Release|Any CPU.Build.0 = Release|Any CPU
		{DCC1E65D-A313-445F-BBCF-124A08F40F6E}.Debug|Any CPU.ActiveCfg = Debug|Any CPU
		{DCC1E65D-A313-445F-BBCF-124A08F40F6E}.Debug|Any CPU.Build.0 = Debug|Any CPU
		{DCC1E65D-A313-445F-BBCF-124A08F40F6E}.Release|Any CPU.ActiveCfg = Release|Any CPU
		{DCC1E65D-A313-445F-BBCF-124A08F40F6E}.Release|Any CPU.Build.0 = Release|Any CPU
		{3D330159-E45A-47D1-94E4-9CAFE2EF2FE3}.Debug|Any CPU.ActiveCfg = Debug|Any CPU
		{3D330159-E45A-47D1-94E4-9CAFE2EF2FE3}.Debug|Any CPU.Build.0 = Debug|Any CPU
		{3D330159-E45A-47D1-94E4-9CAFE2EF2FE3}.Release|Any CPU.ActiveCfg = Release|Any CPU
		{3D330159-E45A-47D1-94E4-9CAFE2EF2FE3}.Release|Any CPU.Build.0 = Release|Any CPU
		{2C029CD5-7494-4FB8-A7D4-D37847E0CB7E}.Debug|Any CPU.ActiveCfg = Debug|Any CPU
		{2C029CD5-7494-4FB8-A7D4-D37847E0CB7E}.Debug|Any CPU.Build.0 = Debug|Any CPU
		{2C029CD5-7494-4FB8-A7D4-D37847E0CB7E}.Release|Any CPU.ActiveCfg = Release|Any CPU
		{2C029CD5-7494-4FB8-A7D4-D37847E0CB7E}.Release|Any CPU.Build.0 = Release|Any CPU
		{98AE3C51-D165-49D7-BE77-99050A182796}.Debug|Any CPU.ActiveCfg = Debug|Any CPU
		{98AE3C51-D165-49D7-BE77-99050A182796}.Debug|Any CPU.Build.0 = Debug|Any CPU
		{98AE3C51-D165-49D7-BE77-99050A182796}.Release|Any CPU.ActiveCfg = Release|Any CPU
		{98AE3C51-D165-49D7-BE77-99050A182796}.Release|Any CPU.Build.0 = Release|Any CPU
	EndGlobalSection
	GlobalSection(SolutionProperties) = preSolution
		HideSolutionNode = FALSE
	EndGlobalSection
	GlobalSection(NestedProjects) = preSolution
		{DCC1E65D-A313-445F-BBCF-124A08F40F6E} = {68633BFA-EA88-4DF7-88E4-0C4E9F4872FF}
		{3D330159-E45A-47D1-94E4-9CAFE2EF2FE3} = {91D2DE73-0BAF-4FDA-95A9-E44FCB6C7B1E}
		{2C029CD5-7494-4FB8-A7D4-D37847E0CB7E} = {91D2DE73-0BAF-4FDA-95A9-E44FCB6C7B1E}
		{98AE3C51-D165-49D7-BE77-99050A182796} = {91D2DE73-0BAF-4FDA-95A9-E44FCB6C7B1E}
	EndGlobalSection
	GlobalSection(ExtensibilityGlobals) = postSolution
		SolutionGuid = {8982FAE1-1273-4D45-AF7D-F1A678F38F2D}
	EndGlobalSection
EndGlobal
